
Microsoft Visual Studio Solution File, Format Version 12.00
# Visual Studio Version 16
VisualStudioVersion = 16.0.29215.179
MinimumVisualStudioVersion = 10.0.40219.1
Project("{9092AA53-FB77-4645-B42D-1CCCA6BD08BD}") = "test", "test\test.njsproj", "{6ADDF3D8-1617-41CE-94CE-3A33CA01C42D}"
EndProject
Project("{2150E333-8FDC-42A3-9474-1A3956D46DE8}") = "Solution Items", "Solution Items", "{C9351DED-7D29-4EF8-9D20-C6F83A391C77}"
	ProjectSection(SolutionItems) = preProject
		index.html = index.html
	EndProjectSection
EndProject
Global
	GlobalSection(SolutionConfigurationPlatforms) = preSolution
		Debug|Any CPU = Debug|Any CPU
		Release|Any CPU = Release|Any CPU
	EndGlobalSection
	GlobalSection(ProjectConfigurationPlatforms) = postSolution
		{6ADDF3D8-1617-41CE-94CE-3A33CA01C42D}.Debug|Any CPU.ActiveCfg = Debug|Any CPU
		{6ADDF3D8-1617-41CE-94CE-3A33CA01C42D}.Debug|Any CPU.Build.0 = Debug|Any CPU
		{6ADDF3D8-1617-41CE-94CE-3A33CA01C42D}.Release|Any CPU.ActiveCfg = Release|Any CPU
		{6ADDF3D8-1617-41CE-94CE-3A33CA01C42D}.Release|Any CPU.Build.0 = Release|Any CPU
	EndGlobalSection
	GlobalSection(SolutionProperties) = preSolution
		HideSolutionNode = FALSE
	EndGlobalSection
	GlobalSection(ExtensibilityGlobals) = postSolution
		SolutionGuid = {F7EF2074-01F6-4467-965E-77715DFDF77E}
	EndGlobalSection
EndGlobal
